
Microsoft Visual Studio Solution File, Format Version 11.00
# Visual Studio 2010
Project("{FAE04EC0-301F-11D3-BF4B-00C04F79EFBC}") = "CannedBytes.CommandLineGui", "CannedBytes.CommandLineGui\CannedBytes.CommandLineGui.csproj", "{51DED1B9-B2BF-4B97-8A26-0364EB9FB359}"
EndProject
Project("{2150E333-8FDC-42A3-9474-1A3956D46DE8}") = "Solution Items", "Solution Items", "{3613DF83-D94D-4BB8-861D-A8746D63EF17}"
	ProjectSection(SolutionItems) = preProject
		CannedBytes.CommandLineGui.vsmdi = CannedBytes.CommandLineGui.vsmdi
		Local.testsettings = Local.testsettings
		TODO.txt = TODO.txt
		TraceAndTestImpact.testsettings = TraceAndTestImpact.testsettings
	EndProjectSection
EndProject
Project("{FAE04EC0-301F-11D3-BF4B-00C04F79EFBC}") = "CannedBytes.CommandLineGui.UnitTest", "CannedBytes.CommandLineGui.UnitTest\CannedBytes.CommandLineGui.UnitTest.csproj", "{DFAA70BA-56D0-463C-8219-5748B3820C0C}"
EndProject
Project("{FAE04EC0-301F-11D3-BF4B-00C04F79EFBC}") = "CannedBytes.CommandLineGui.Addin", "CannedBytes.CommandLineGui.Addin\CannedBytes.CommandLineGui.Addin.csproj", "{CDD99F80-2189-4764-843C-BC534290EAA5}"
EndProject
Project("{FAE04EC0-301F-11D3-BF4B-00C04F79EFBC}") = "CannedBytes.EchoCommandLineConsole", "CannedBytes.EchoCommandLineConsole\CannedBytes.EchoCommandLineConsole.csproj", "{F7DE882D-FE5A-4A23-B442-653D954A40DE}"
EndProject
Global
	GlobalSection(TestCaseManagementSettings) = postSolution
		CategoryFile = CannedBytes.CommandLineGui.vsmdi
	EndGlobalSection
	GlobalSection(SolutionConfigurationPlatforms) = preSolution
		Debug|Any CPU = Debug|Any CPU
		Debug|Mixed Platforms = Debug|Mixed Platforms
		Debug|x86 = Debug|x86
		Release|Any CPU = Release|Any CPU
		Release|Mixed Platforms = Release|Mixed Platforms
		Release|x86 = Release|x86
	EndGlobalSection
	GlobalSection(ProjectConfigurationPlatforms) = postSolution
		{51DED1B9-B2BF-4B97-8A26-0364EB9FB359}.Debug|Any CPU.ActiveCfg = Debug|x86
		{51DED1B9-B2BF-4B97-8A26-0364EB9FB359}.Debug|Mixed Platforms.ActiveCfg = Debug|x86
		{51DED1B9-B2BF-4B97-8A26-0364EB9FB359}.Debug|Mixed Platforms.Build.0 = Debug|x86
		{51DED1B9-B2BF-4B97-8A26-0364EB9FB359}.Debug|x86.ActiveCfg = Debug|x86
		{51DED1B9-B2BF-4B97-8A26-0364EB9FB359}.Debug|x86.Build.0 = Debug|x86
		{51DED1B9-B2BF-4B97-8A26-0364EB9FB359}.Release|Any CPU.ActiveCfg = Release|x86
		{51DED1B9-B2BF-4B97-8A26-0364EB9FB359}.Release|Mixed Platforms.ActiveCfg = Release|x86
		{51DED1B9-B2BF-4B97-8A26-0364EB9FB359}.Release|Mixed Platforms.Build.0 = Release|x86
		{51DED1B9-B2BF-4B97-8A26-0364EB9FB359}.Release|x86.ActiveCfg = Release|x86
		{51DED1B9-B2BF-4B97-8A26-0364EB9FB359}.Release|x86.Build.0 = Release|x86
		{DFAA70BA-56D0-463C-8219-5748B3820C0C}.Debug|Any CPU.ActiveCfg = Debug|Any CPU
		{DFAA70BA-56D0-463C-8219-5748B3820C0C}.Debug|Any CPU.Build.0 = Debug|Any CPU
		{DFAA70BA-56D0-463C-8219-5748B3820C0C}.Debug|Mixed Platforms.ActiveCfg = Debug|Any CPU
		{DFAA70BA-56D0-463C-8219-5748B3820C0C}.Debug|x86.ActiveCfg = Debug|Any CPU
		{DFAA70BA-56D0-463C-8219-5748B3820C0C}.Release|Any CPU.ActiveCfg = Release|Any CPU
		{DFAA70BA-56D0-463C-8219-5748B3820C0C}.Release|Any CPU.Build.0 = Release|Any CPU
		{DFAA70BA-56D0-463C-8219-5748B3820C0C}.Release|Mixed Platforms.ActiveCfg = Release|Any CPU
		{DFAA70BA-56D0-463C-8219-5748B3820C0C}.Release|x86.ActiveCfg = Release|Any CPU
		{CDD99F80-2189-4764-843C-BC534290EAA5}.Debug|Any CPU.ActiveCfg = Debug|Any CPU
		{CDD99F80-2189-4764-843C-BC534290EAA5}.Debug|Any CPU.Build.0 = Debug|Any CPU
		{CDD99F80-2189-4764-843C-BC534290EAA5}.Debug|Mixed Platforms.ActiveCfg = Debug|Any CPU
		{CDD99F80-2189-4764-843C-BC534290EAA5}.Debug|x86.ActiveCfg = Debug|Any CPU
		{CDD99F80-2189-4764-843C-BC534290EAA5}.Release|Any CPU.ActiveCfg = Release|Any CPU
		{CDD99F80-2189-4764-843C-BC534290EAA5}.Release|Any CPU.Build.0 = Release|Any CPU
		{CDD99F80-2189-4764-843C-BC534290EAA5}.Release|Mixed Platforms.ActiveCfg = Release|Any CPU
		{CDD99F80-2189-4764-843C-BC534290EAA5}.Release|x86.ActiveCfg = Release|Any CPU
		{F7DE882D-FE5A-4A23-B442-653D954A40DE}.Debug|Any CPU.ActiveCfg = Debug|x86
		{F7DE882D-FE5A-4A23-B442-653D954A40DE}.Debug|Mixed Platforms.ActiveCfg = Debug|x86
		{F7DE882D-FE5A-4A23-B442-653D954A40DE}.Debug|x86.ActiveCfg = Debug|x86
		{F7DE882D-FE5A-4A23-B442-653D954A40DE}.Debug|x86.Build.0 = Debug|x86
		{F7DE882D-FE5A-4A23-B442-653D954A40DE}.Release|Any CPU.ActiveCfg = Release|x86
		{F7DE882D-FE5A-4A23-B442-653D954A40DE}.Release|Mixed Platforms.ActiveCfg = Release|x86
		{F7DE882D-FE5A-4A23-B442-653D954A40DE}.Release|x86.ActiveCfg = Release|x86
		{F7DE882D-FE5A-4A23-B442-653D954A40DE}.Release|x86.Build.0 = Release|x86
	EndGlobalSection
	GlobalSection(SolutionProperties) = preSolution
		HideSolutionNode = FALSE
	EndGlobalSection
EndGlobal
