
Microsoft Visual Studio Solution File, Format Version 12.00
# Visual Studio 14
VisualStudioVersion = 14.0.24720.0
MinimumVisualStudioVersion = 10.0.40219.1
Project("{FAE04EC0-301F-11D3-BF4B-00C04F79EFBC}") = "CannedBytes.CommandLineGui", "CannedBytes.CommandLineGui\CannedBytes.CommandLineGui.csproj", "{51DED1B9-B2BF-4B97-8A26-0364EB9FB359}"
EndProject
Project("{2150E333-8FDC-42A3-9474-1A3956D46DE8}") = "Solution Items", "Solution Items", "{3613DF83-D94D-4BB8-861D-A8746D63EF17}"
	ProjectSection(SolutionItems) = preProject
		TODO.txt = TODO.txt
	EndProjectSection
EndProject
Project("{FAE04EC0-301F-11D3-BF4B-00C04F79EFBC}") = "CannedBytes.CommandLineGui.UnitTest", "CannedBytes.CommandLineGui.UnitTest\CannedBytes.CommandLineGui.UnitTest.csproj", "{DFAA70BA-56D0-463C-8219-5748B3820C0C}"
EndProject
Project("{FAE04EC0-301F-11D3-BF4B-00C04F79EFBC}") = "CannedBytes.EchoCommandLineConsole", "CannedBytes.EchoCommandLineConsole\CannedBytes.EchoCommandLineConsole.csproj", "{F7DE882D-FE5A-4A23-B442-653D954A40DE}"
EndProject
Global
	GlobalSection(SolutionConfigurationPlatforms) = preSolution
		Debug|Any CPU = Debug|Any CPU
		Release|Any CPU = Release|Any CPU
	EndGlobalSection
	GlobalSection(ProjectConfigurationPlatforms) = postSolution
		{51DED1B9-B2BF-4B97-8A26-0364EB9FB359}.Debug|Any CPU.ActiveCfg = Debug|Any CPU
		{51DED1B9-B2BF-4B97-8A26-0364EB9FB359}.Debug|Any CPU.Build.0 = Debug|Any CPU
		{51DED1B9-B2BF-4B97-8A26-0364EB9FB359}.Release|Any CPU.ActiveCfg = Release|Any CPU
		{51DED1B9-B2BF-4B97-8A26-0364EB9FB359}.Release|Any CPU.Build.0 = Release|Any CPU
		{DFAA70BA-56D0-463C-8219-5748B3820C0C}.Debug|Any CPU.ActiveCfg = Debug|Any CPU
		{DFAA70BA-56D0-463C-8219-5748B3820C0C}.Debug|Any CPU.Build.0 = Debug|Any CPU
		{DFAA70BA-56D0-463C-8219-5748B3820C0C}.Release|Any CPU.ActiveCfg = Release|Any CPU
		{DFAA70BA-56D0-463C-8219-5748B3820C0C}.Release|Any CPU.Build.0 = Release|Any CPU
		{F7DE882D-FE5A-4A23-B442-653D954A40DE}.Debug|Any CPU.ActiveCfg = Debug|Any CPU
		{F7DE882D-FE5A-4A23-B442-653D954A40DE}.Debug|Any CPU.Build.0 = Debug|Any CPU
		{F7DE882D-FE5A-4A23-B442-653D954A40DE}.Release|Any CPU.ActiveCfg = Release|Any CPU
		{F7DE882D-FE5A-4A23-B442-653D954A40DE}.Release|Any CPU.Build.0 = Release|Any CPU
	EndGlobalSection
	GlobalSection(SolutionProperties) = preSolution
		HideSolutionNode = FALSE
	EndGlobalSection
	GlobalSection(TeamFoundationVersionControl) = preSolution
		SccNumberOfProjects = 4
		SccEnterpriseProvider = {4CA58AB2-18FA-4F8D-95D4-32DDF27D184C}
		SccTeamFoundationServer = https://tfs.codeplex.com/tfs/tfs40
		SccLocalPath0 = .
		SccProjectUniqueName1 = CannedBytes.CommandLineGui\\CannedBytes.CommandLineGui.csproj
		SccProjectName1 = CannedBytes.CommandLineGui
		SccLocalPath1 = CannedBytes.CommandLineGui
		SccProjectUniqueName2 = CannedBytes.CommandLineGui.UnitTest\\CannedBytes.CommandLineGui.UnitTest.csproj
		SccProjectName2 = CannedBytes.CommandLineGui.UnitTest
		SccLocalPath2 = CannedBytes.CommandLineGui.UnitTest
		SccProjectUniqueName3 = CannedBytes.EchoCommandLineConsole\\CannedBytes.EchoCommandLineConsole.csproj
		SccProjectName3 = CannedBytes.EchoCommandLineConsole
		SccLocalPath3 = CannedBytes.EchoCommandLineConsole
	EndGlobalSection
	GlobalSection(TestCaseManagementSettings) = postSolution
		CategoryFile = CannedBytes.CommandLineGui.vsmdi
	EndGlobalSection
EndGlobal
